{
  "name": "ashare-hot-pot-codex-cli",
  "lockfileVersion": 3,
  "requires": true,
  "packages": {
    "": {
      "name": "ashare-hot-pot-codex-cli",
      "devDependencies": {
        "@openai/codex": "0.146.0"
      }
    },
    "node_modules/@openai/codex": {
      "version": "0.146.0",
      "resolved": "https://registry.npmmirror.com/@openai/codex/-/codex-0.146.0.tgz",
      "integrity": "sha512-yG3sPWNda/2YAIQIDq9MrrjoCTIQ7rxYM5IasrG3VBcuhCLTkgeg/JzqmJq1V98RE4MJ5jCxDXXQlOjrditFRw==",
      "bin": {
        "codex": "bin/codex.js"
      },
      "engines": {
        "node": ">=16"
      },
      "optionalDependencies": {
        "@openai/codex-darwin-arm64": "npm:@openai/codex@0.146.0-darwin-arm64",
        "@openai/codex-darwin-x64": "npm:@openai/codex@0.146.0-darwin-x64",
        "@openai/codex-linux-arm64": "npm:@openai/codex@0.146.0-linux-arm64",
        "@openai/codex-linux-x64": "npm:@openai/codex@0.146.0-linux-x64",
        "@openai/codex-win32-arm64": "npm:@openai/codex@0.146.0-win32-arm64",
        "@openai/codex-win32-x64": "npm:@openai/codex@0.146.0-win32-x64"
      }
    },
    "node_modules/@openai/codex-win32-x64": {
      "name": "@openai/codex",
      "version": "0.146.0-win32-x64",
      "resolved": "https://registry.npmmirror.com/@openai/codex/-/codex-0.146.0-win32-x64.tgz",
      "integrity": "sha512-b3lxMYeR0+IhstNo4JjX1P9cPc1xwVcCVkPd1lD1wpWPJ0SBhpIkPczwbu3ZRkJcdyl342+rgyf4DUrbZLdrGA==",
      "cpu": [
        "x64"
      ],
      "optional": true,
      "os": [
        "win32"
      ],
      "engines": {
        "node": ">=16"
      }
    }
  }
}
